
Microsoft Visual Studio Solution File, Format Version 12.00
# Visual Studio 15
VisualStudioVersion = 15.0.28010.2016
MinimumVisualStudioVersion = 10.0.40219.1
Project("{FAE04EC0-301F-11D3-BF4B-00C04F79EFBC}") = "ASP NET MVC CRUD", "ASP NET MVC CRUD\ASP NET MVC CRUD.csproj", "{5E594BAD-A8D7-401F-90DF-452EE964BD7C}"
EndProject
Global
	GlobalSection(SolutionConfigurationPlatforms) = preSolution
		Debug|Any CPU = Debug|Any CPU
		Release|Any CPU = Release|Any CPU
	EndGlobalSection
	GlobalSection(ProjectConfigurationPlatforms) = postSolution
		{5E594BAD-A8D7-401F-90DF-452EE964BD7C}.Debug|Any CPU.ActiveCfg = Debug|Any CPU
		{5E594BAD-A8D7-401F-90DF-452EE964BD7C}.Debug|Any CPU.Build.0 = Debug|Any CPU
		{5E594BAD-A8D7-401F-90DF-452EE964BD7C}.Release|Any CPU.ActiveCfg = Release|Any CPU
		{5E594BAD-A8D7-401F-90DF-452EE964BD7C}.Release|Any CPU.Build.0 = Release|Any CPU
	EndGlobalSection
	GlobalSection(SolutionProperties) = preSolution
		HideSolutionNode = FALSE
	EndGlobalSection
	GlobalSection(ExtensibilityGlobals) = postSolution
		SolutionGuid = {A698B9DF-73B6-497A-B8A1-34EB3914328D}
	EndGlobalSection
EndGlobal
